
Microsoft Visual Studio Solution File, Format Version 12.00
# Visual Studio 15
VisualStudioVersion = 15.0.26124.0
MinimumVisualStudioVersion = 15.0.26124.0
Project("{FAE04EC0-301F-11D3-BF4B-00C04F79EFBC}") = "API", "API\API.csproj", "{01E9518A-8467-42C1-9A7A-9DD3F4216AF6}"
EndProject
Project("{FAE04EC0-301F-11D3-BF4B-00C04F79EFBC}") = "Core", "Core\Core.csproj", "{5FE92BA2-87E6-48B2-94AD-778DC43B4683}"
EndProject
Project("{FAE04EC0-301F-11D3-BF4B-00C04F79EFBC}") = "Infrastructure", "Infrastructure\Infrastructure.csproj", "{161A53EA-1877-4E66-A1B7-B48693A8338C}"
EndProject
Global
	GlobalSection(SolutionConfigurationPlatforms) = preSolution
		Debug|Any CPU = Debug|Any CPU
		Debug|x64 = Debug|x64
		Debug|x86 = Debug|x86
		Release|Any CPU = Release|Any CPU
		Release|x64 = Release|x64
		Release|x86 = Release|x86
	EndGlobalSection
	GlobalSection(SolutionProperties) = preSolution
		HideSolutionNode = FALSE
	EndGlobalSection
	GlobalSection(ProjectConfigurationPlatforms) = postSolution
		{01E9518A-8467-42C1-9A7A-9DD3F4216AF6}.Debug|Any CPU.ActiveCfg = Debug|Any CPU
		{01E9518A-8467-42C1-9A7A-9DD3F4216AF6}.Debug|Any CPU.Build.0 = Debug|Any CPU
		{01E9518A-8467-42C1-9A7A-9DD3F4216AF6}.Debug|x64.ActiveCfg = Debug|Any CPU
		{01E9518A-8467-42C1-9A7A-9DD3F4216AF6}.Debug|x64.Build.0 = Debug|Any CPU
		{01E9518A-8467-42C1-9A7A-9DD3F4216AF6}.Debug|x86.ActiveCfg = Debug|Any CPU
		{01E9518A-8467-42C1-9A7A-9DD3F4216AF6}.Debug|x86.Build.0 = Debug|Any CPU
		{01E9518A-8467-42C1-9A7A-9DD3F4216AF6}.Release|Any CPU.ActiveCfg = Release|Any CPU
		{01E9518A-8467-42C1-9A7A-9DD3F4216AF6}.Release|Any CPU.Build.0 = Release|Any CPU
		{01E9518A-8467-42C1-9A7A-9DD3F4216AF6}.Release|x64.ActiveCfg = Release|Any CPU
		{01E9518A-8467-42C1-9A7A-9DD3F4216AF6}.Release|x64.Build.0 = Release|Any CPU
		{01E9518A-8467-42C1-9A7A-9DD3F4216AF6}.Release|x86.ActiveCfg = Release|Any CPU
		{01E9518A-8467-42C1-9A7A-9DD3F4216AF6}.Release|x86.Build.0 = Release|Any CPU
		{5FE92BA2-87E6-48B2-94AD-778DC43B4683}.Debug|Any CPU.ActiveCfg = Debug|Any CPU
		{5FE92BA2-87E6-48B2-94AD-778DC43B4683}.Debug|Any CPU.Build.0 = Debug|Any CPU
		{5FE92BA2-87E6-48B2-94AD-778DC43B4683}.Debug|x64.ActiveCfg = Debug|Any CPU
		{5FE92BA2-87E6-48B2-94AD-778DC43B4683}.Debug|x64.Build.0 = Debug|Any CPU
		{5FE92BA2-87E6-48B2-94AD-778DC43B4683}.Debug|x86.ActiveCfg = Debug|Any CPU
		{5FE92BA2-87E6-48B2-94AD-778DC43B4683}.Debug|x86.Build.0 = Debug|Any CPU
		{5FE92BA2-87E6-48B2-94AD-778DC43B4683}.Release|Any CPU.ActiveCfg = Release|Any CPU
		{5FE92BA2-87E6-48B2-94AD-778DC43B4683}.Release|Any CPU.Build.0 = Release|Any CPU
		{5FE92BA2-87E6-48B2-94AD-778DC43B4683}.Release|x64.ActiveCfg = Release|Any CPU
		{5FE92BA2-87E6-48B2-94AD-778DC43B4683}.Release|x64.Build.0 = Release|Any CPU
		{5FE92BA2-87E6-48B2-94AD-778DC43B4683}.Release|x86.ActiveCfg = Release|Any CPU
		{5FE92BA2-87E6-48B2-94AD-778DC43B4683}.Release|x86.Build.0 = Release|Any CPU
		{161A53EA-1877-4E66-A1B7-B48693A8338C}.Debug|Any CPU.ActiveCfg = Debug|Any CPU
		{161A53EA-1877-4E66-A1B7-B48693A8338C}.Debug|Any CPU.Build.0 = Debug|Any CPU
		{161A53EA-1877-4E66-A1B7-B48693A8338C}.Debug|x64.ActiveCfg = Debug|Any CPU
		{161A53EA-1877-4E66-A1B7-B48693A8338C}.Debug|x64.Build.0 = Debug|Any CPU
		{161A53EA-1877-4E66-A1B7-B48693A8338C}.Debug|x86.ActiveCfg = Debug|Any CPU
		{161A53EA-1877-4E66-A1B7-B48693A8338C}.Debug|x86.Build.0 = Debug|Any CPU
		{161A53EA-1877-4E66-A1B7-B48693A8338C}.Release|Any CPU.ActiveCfg = Release|Any CPU
		{161A53EA-1877-4E66-A1B7-B48693A8338C}.Release|Any CPU.Build.0 = Release|Any CPU
		{161A53EA-1877-4E66-A1B7-B48693A8338C}.Release|x64.ActiveCfg = Release|Any CPU
		{161A53EA-1877-4E66-A1B7-B48693A8338C}.Release|x64.Build.0 = Release|Any CPU
		{161A53EA-1877-4E66-A1B7-B48693A8338C}.Release|x86.ActiveCfg = Release|Any CPU
		{161A53EA-1877-4E66-A1B7-B48693A8338C}.Release|x86.Build.0 = Release|Any CPU
	EndGlobalSection
EndGlobal
